{
  "requires": true,
  "lockfileVersion": 1,
  "dependencies": {
    "deep-diff": {
      "version": "0.3.8",
      "resolved": "https://registry.npmjs.org/deep-diff/-/deep-diff-0.3.8.tgz",
      "integrity": "sha1-wB3mPvsO7JeYgB1Ax+Da4ltYLIQ="
    },
    "pjs": {
      "version": "5.1.2",
      "resolved": "https://registry.npmjs.org/pjs/-/pjs-5.1.2.tgz",
      "integrity": "sha512-aoPrjtnYOknat/wiO5hyCkub7LymxSY1BN8gIsW49PfbdPyQiaU+UOo9DfSEhhl48cWLd28IwpERutBveLdQLA=="
    },
    "redux-logger": {
      "version": "3.0.6",
      "resolved": "https://registry.npmjs.org/redux-logger/-/redux-logger-3.0.6.tgz",
      "integrity": "sha1-91VZZvMJjzyIYExEnPC69XeCdL8=",
      "requires": {
        "deep-diff": "^0.3.5"
      }
    },
    "thunk": {
      "version": "0.0.1",
      "resolved": "https://registry.npmjs.org/thunk/-/thunk-0.0.1.tgz",
      "integrity": "sha1-ZXWwC6Nv9MbF7fhPkjISI5oKfDc=",
      "requires": {
        "pjs": "*"
      }
    }
  }
}
